// !$*UTF8*$!
{
	archiveVersion = 1;
	classes = {
	};
	objectVersion = 56;
	objects = {

/* Begin PBXBuildFile section */
		710189AE2BA1B04400CBB542 /* buttonIn.swift in Sources */ = {isa = PBXBuildFile; fileRef = 710189AD2BA1B04400CBB542 /* buttonIn.swift */; };
		710189B02BA1BC0500CBB542 /* bottomTextSigIn.swift in Sources */ = {isa = PBXBuildFile; fileRef = 710189AF2BA1BC0500CBB542 /* bottomTextSigIn.swift */; };
		710189B22BA3509C00CBB542 /* LogInView.swift in Sources */ = {isa = PBXBuildFile; fileRef = 710189B12BA3509C00CBB542 /* LogInView.swift */; };
		710189B62BA3577000CBB542 /* ForgotPasswordView.swift in Sources */ = {isa = PBXBuildFile; fileRef = 710189B52BA3577000CBB542 /* ForgotPasswordView.swift */; };
		710189B82BA357A400CBB542 /* titleBar.swift in Sources */ = {isa = PBXBuildFile; fileRef = 710189B72BA357A400CBB542 /* titleBar.swift */; };
		710189BA2BA358C400CBB542 /* textFieldBar.swift in Sources */ = {isa = PBXBuildFile; fileRef = 710189B92BA358C400CBB542 /* textFieldBar.swift */; };
		710189BC2BA58C5900CBB542 /* isValidEmail.swift in Sources */ = {isa = PBXBuildFile; fileRef = 710189BB2BA58C5900CBB542 /* isValidEmail.swift */; };
		710189BE2BA60A6F00CBB542 /* CustomTabView.swift in Sources */ = {isa = PBXBuildFile; fileRef = 710189BD2BA60A6F00CBB542 /* CustomTabView.swift */; };
		710189C02BA9743E00CBB542 /* OTPView.swift in Sources */ = {isa = PBXBuildFile; fileRef = 710189BF2BA9743E00CBB542 /* OTPView.swift */; };
		710189C22BA9798F00CBB542 /* OTPTextField.swift in Sources */ = {isa = PBXBuildFile; fileRef = 710189C12BA9798F00CBB542 /* OTPTextField.swift */; };
		710189C42BA9900300CBB542 /* SetNewPassVIew.swift in Sources */ = {isa = PBXBuildFile; fileRef = 710189C32BA9900300CBB542 /* SetNewPassVIew.swift */; };
		710189C92BA9B4B300CBB542 /* Auth in Frameworks */ = {isa = PBXBuildFile; productRef = 710189C82BA9B4B300CBB542 /* Auth */; };
		710189CB2BA9B4B300CBB542 /* Functions in Frameworks */ = {isa = PBXBuildFile; productRef = 710189CA2BA9B4B300CBB542 /* Functions */; };
		710189CD2BA9B4B300CBB542 /* PostgREST in Frameworks */ = {isa = PBXBuildFile; productRef = 710189CC2BA9B4B300CBB542 /* PostgREST */; };
		710189CF2BA9B4B300CBB542 /* Realtime in Frameworks */ = {isa = PBXBuildFile; productRef = 710189CE2BA9B4B300CBB542 /* Realtime */; };
		710189D12BA9B4B300CBB542 /* Storage in Frameworks */ = {isa = PBXBuildFile; productRef = 710189D02BA9B4B300CBB542 /* Storage */; };
		710189D42BA9B4BF00CBB542 /* Supabase in Frameworks */ = {isa = PBXBuildFile; productRef = 710189D32BA9B4BF00CBB542 /* Supabase */; };
		710189D72BA9B4E100CBB542 /* ViewModelUser.swift in Sources */ = {isa = PBXBuildFile; fileRef = 710189D62BA9B4E100CBB542 /* ViewModelUser.swift */; };
		710189D92BAB064900CBB542 /* WalletView.swift in Sources */ = {isa = PBXBuildFile; fileRef = 710189D82BAB064900CBB542 /* WalletView.swift */; };
		710189DB2BAB06C300CBB542 /* TrackView.swift in Sources */ = {isa = PBXBuildFile; fileRef = 710189DA2BAB06C300CBB542 /* TrackView.swift */; };
		710189DD2BAB071100CBB542 /* ProfileView.swift in Sources */ = {isa = PBXBuildFile; fileRef = 710189DC2BAB071000CBB542 /* ProfileView.swift */; };
		710189E02BAB171A00CBB542 /* topBarWithText.swift in Sources */ = {isa = PBXBuildFile; fileRef = 710189DF2BAB171A00CBB542 /* topBarWithText.swift */; };
		710189E22BAB1CE000CBB542 /* itemsProfileView.swift in Sources */ = {isa = PBXBuildFile; fileRef = 710189E12BAB1CE000CBB542 /* itemsProfileView.swift */; };
		710189E42BAB1E6F00CBB542 /* ProfileViewModel.swift in Sources */ = {isa = PBXBuildFile; fileRef = 710189E32BAB1E6F00CBB542 /* ProfileViewModel.swift */; };
		710189E62BAB270E00CBB542 /* SplachScreenView.swift in Sources */ = {isa = PBXBuildFile; fileRef = 710189E52BAB270D00CBB542 /* SplachScreenView.swift */; };
		71E120C82B9DCF3600E60FB1 /* RediExpressApp.swift in Sources */ = {isa = PBXBuildFile; fileRef = 71E120C72B9DCF3600E60FB1 /* RediExpressApp.swift */; };
		71E120CA2B9DCF3600E60FB1 /* OnboardingView.swift in Sources */ = {isa = PBXBuildFile; fileRef = 71E120C92B9DCF3600E60FB1 /* OnboardingView.swift */; };
		71E120CC2B9DCF3900E60FB1 /* Assets.xcassets in Resources */ = {isa = PBXBuildFile; fileRef = 71E120CB2B9DCF3900E60FB1 /* Assets.xcassets */; };
		71E120CF2B9DCF3900E60FB1 /* Preview Assets.xcassets in Resources */ = {isa = PBXBuildFile; fileRef = 71E120CE2B9DCF3900E60FB1 /* Preview Assets.xcassets */; };
		71E120E22B9DD10800E60FB1 /* Roboto-Medium.ttf in Resources */ = {isa = PBXBuildFile; fileRef = 71E120D62B9DD10800E60FB1 /* Roboto-Medium.ttf */; };
		71E120E32B9DD10800E60FB1 /* Roboto-Light.ttf in Resources */ = {isa = PBXBuildFile; fileRef = 71E120D72B9DD10800E60FB1 /* Roboto-Light.ttf */; };
		71E120E42B9DD10800E60FB1 /* Roboto-Regular.ttf in Resources */ = {isa = PBXBuildFile; fileRef = 71E120D82B9DD10800E60FB1 /* Roboto-Regular.ttf */; };
		71E120E52B9DD10800E60FB1 /* Roboto-MediumItalic.ttf in Resources */ = {isa = PBXBuildFile; fileRef = 71E120D92B9DD10800E60FB1 /* Roboto-MediumItalic.ttf */; };
		71E120E62B9DD10800E60FB1 /* Roboto-ThinItalic.ttf in Resources */ = {isa = PBXBuildFile; fileRef = 71E120DA2B9DD10800E60FB1 /* Roboto-ThinItalic.ttf */; };
		71E120E72B9DD10800E60FB1 /* Roboto-BoldItalic.ttf in Resources */ = {isa = PBXBuildFile; fileRef = 71E120DB2B9DD10800E60FB1 /* Roboto-BoldItalic.ttf */; };
		71E120E82B9DD10800E60FB1 /* Roboto-LightItalic.ttf in Resources */ = {isa = PBXBuildFile; fileRef = 71E120DC2B9DD10800E60FB1 /* Roboto-LightItalic.ttf */; };
		71E120E92B9DD10800E60FB1 /* Roboto-Italic.ttf in Resources */ = {isa = PBXBuildFile; fileRef = 71E120DD2B9DD10800E60FB1 /* Roboto-Italic.ttf */; };
		71E120EA2B9DD10800E60FB1 /* Roboto-BlackItalic.ttf in Resources */ = {isa = PBXBuildFile; fileRef = 71E120DE2B9DD10800E60FB1 /* Roboto-BlackItalic.ttf */; };
		71E120EB2B9DD10800E60FB1 /* Roboto-Bold.ttf in Resources */ = {isa = PBXBuildFile; fileRef = 71E120DF2B9DD10800E60FB1 /* Roboto-Bold.ttf */; };
		71E120EC2B9DD10800E60FB1 /* Roboto-Thin.ttf in Resources */ = {isa = PBXBuildFile; fileRef = 71E120E02B9DD10800E60FB1 /* Roboto-Thin.ttf */; };
		71E120ED2B9DD10800E60FB1 /* Roboto-Black.ttf in Resources */ = {isa = PBXBuildFile; fileRef = 71E120E12B9DD10800E60FB1 /* Roboto-Black.ttf */; };
		71E120F12B9DE00100E60FB1 /* SignUpView.swift in Sources */ = {isa = PBXBuildFile; fileRef = 71E120F02B9DE00100E60FB1 /* SignUpView.swift */; };
/* End PBXBuildFile section */

/* Begin PBXFileReference section */
		710189AD2BA1B04400CBB542 /* buttonIn.swift */ = {isa = PBXFileReference; lastKnownFileType = sourcecode.swift; path = buttonIn.swift; sourceTree = "<group>"; };
		710189AF2BA1BC0500CBB542 /* bottomTextSigIn.swift */ = {isa = PBXFileReference; lastKnownFileType = sourcecode.swift; path = bottomTextSigIn.swift; sourceTree = "<group>"; };
		710189B12BA3509C00CBB542 /* LogInView.swift */ = {isa = PBXFileReference; lastKnownFileType = sourcecode.swift; path = LogInView.swift; sourceTree = "<group>"; };
		710189B52BA3577000CBB542 /* ForgotPasswordView.swift */ = {isa = PBXFileReference; lastKnownFileType = sourcecode.swift; path = ForgotPasswordView.swift; sourceTree = "<group>"; };
		710189B72BA357A400CBB542 /* titleBar.swift */ = {isa = PBXFileReference; lastKnownFileType = sourcecode.swift; path = titleBar.swift; sourceTree = "<group>"; };
		710189B92BA358C400CBB542 /* textFieldBar.swift */ = {isa = PBXFileReference; lastKnownFileType = sourcecode.swift; path = textFieldBar.swift; sourceTree = "<group>"; };
		710189BB2BA58C5900CBB542 /* isValidEmail.swift */ = {isa = PBXFileReference; lastKnownFileType = sourcecode.swift; path = isValidEmail.swift; sourceTree = "<group>"; };
		710189BD2BA60A6F00CBB542 /* CustomTabView.swift */ = {isa = PBXFileReference; lastKnownFileType = sourcecode.swift; path = CustomTabView.swift; sourceTree = "<group>"; };
		710189BF2BA9743E00CBB542 /* OTPView.swift */ = {isa = PBXFileReference; lastKnownFileType = sourcecode.swift; path = OTPView.swift; sourceTree = "<group>"; };
		710189C12BA9798F00CBB542 /* OTPTextField.swift */ = {isa = PBXFileReference; lastKnownFileType = sourcecode.swift; path = OTPTextField.swift; sourceTree = "<group>"; };
		710189C32BA9900300CBB542 /* SetNewPassVIew.swift */ = {isa = PBXFileReference; lastKnownFileType = sourcecode.swift; path = SetNewPassVIew.swift; sourceTree = "<group>"; };
		710189D62BA9B4E100CBB542 /* ViewModelUser.swift */ = {isa = PBXFileReference; lastKnownFileType = sourcecode.swift; path = ViewModelUser.swift; sourceTree = "<group>"; };
		710189D82BAB064900CBB542 /* WalletView.swift */ = {isa = PBXFileReference; lastKnownFileType = sourcecode.swift; path = WalletView.swift; sourceTree = "<group>"; };
		710189DA2BAB06C300CBB542 /* TrackView.swift */ = {isa = PBXFileReference; lastKnownFileType = sourcecode.swift; path = TrackView.swift; sourceTree = "<group>"; };
		710189DC2BAB071000CBB542 /* ProfileView.swift */ = {isa = PBXFileReference; lastKnownFileType = sourcecode.swift; path = ProfileView.swift; sourceTree = "<group>"; };
		710189DF2BAB171A00CBB542 /* topBarWithText.swift */ = {isa = PBXFileReference; lastKnownFileType = sourcecode.swift; path = topBarWithText.swift; sourceTree = "<group>"; };
		710189E12BAB1CE000CBB542 /* itemsProfileView.swift */ = {isa = PBXFileReference; lastKnownFileType = sourcecode.swift; path = itemsProfileView.swift; sourceTree = "<group>"; };
		710189E32BAB1E6F00CBB542 /* ProfileViewModel.swift */ = {isa = PBXFileReference; lastKnownFileType = sourcecode.swift; path = ProfileViewModel.swift; sourceTree = "<group>"; };
		710189E52BAB270D00CBB542 /* SplachScreenView.swift */ = {isa = PBXFileReference; lastKnownFileType = sourcecode.swift; path = SplachScreenView.swift; sourceTree = "<group>"; };
		71E120C42B9DCF3600E60FB1 /* RediExpress.app */ = {isa = PBXFileReference; explicitFileType = wrapper.application; includeInIndex = 0; path = RediExpress.app; sourceTree = BUILT_PRODUCTS_DIR; };
		71E120C72B9DCF3600E60FB1 /* RediExpressApp.swift */ = {isa = PBXFileReference; lastKnownFileType = sourcecode.swift; path = RediExpressApp.swift; sourceTree = "<group>"; };
		71E120C92B9DCF3600E60FB1 /* OnboardingView.swift */ = {isa = PBXFileReference; lastKnownFileType = sourcecode.swift; path = OnboardingView.swift; sourceTree = "<group>"; };
		71E120CB2B9DCF3900E60FB1 /* Assets.xcassets */ = {isa = PBXFileReference; lastKnownFileType = folder.assetcatalog; path = Assets.xcassets; sourceTree = "<group>"; };
		71E120CE2B9DCF3900E60FB1 /* Preview Assets.xcassets */ = {isa = PBXFileReference; lastKnownFileType = folder.assetcatalog; path = "Preview Assets.xcassets"; sourceTree = "<group>"; };
		71E120D62B9DD10800E60FB1 /* Roboto-Medium.ttf */ = {isa = PBXFileReference; lastKnownFileType = file; path = "Roboto-Medium.ttf"; sourceTree = "<group>"; };
		71E120D72B9DD10800E60FB1 /* Roboto-Light.ttf */ = {isa = PBXFileReference; lastKnownFileType = file; path = "Roboto-Light.ttf"; sourceTree = "<group>"; };
		71E120D82B9DD10800E60FB1 /* Roboto-Regular.ttf */ = {isa = PBXFileReference; lastKnownFileType = file; path = "Roboto-Regular.ttf"; sourceTree = "<group>"; };
		71E120D92B9DD10800E60FB1 /* Roboto-MediumItalic.ttf */ = {isa = PBXFileReference; lastKnownFileType = file; path = "Roboto-MediumItalic.ttf"; sourceTree = "<group>"; };
		71E120DA2B9DD10800E60FB1 /* Roboto-ThinItalic.ttf */ = {isa = PBXFileReference; lastKnownFileType = file; path = "Roboto-ThinItalic.ttf"; sourceTree = "<group>"; };
		71E120DB2B9DD10800E60FB1 /* Roboto-BoldItalic.ttf */ = {isa = PBXFileReference; lastKnownFileType = file; path = "Roboto-BoldItalic.ttf"; sourceTree = "<group>"; };
		71E120DC2B9DD10800E60FB1 /* Roboto-LightItalic.ttf */ = {isa = PBXFileReference; lastKnownFileType = file; path = "Roboto-LightItalic.ttf"; sourceTree = "<group>"; };
		71E120DD2B9DD10800E60FB1 /* Roboto-Italic.ttf */ = {isa = PBXFileReference; lastKnownFileType = file; path = "Roboto-Italic.ttf"; sourceTree = "<group>"; };
		71E120DE2B9DD10800E60FB1 /* Roboto-BlackItalic.ttf */ = {isa = PBXFileReference; lastKnownFileType = file; path = "Roboto-BlackItalic.ttf"; sourceTree = "<group>"; };
		71E120DF2B9DD10800E60FB1 /* Roboto-Bold.ttf */ = {isa = PBXFileReference; lastKnownFileType = file; path = "Roboto-Bold.ttf"; sourceTree = "<group>"; };
		71E120E02B9DD10800E60FB1 /* Roboto-Thin.ttf */ = {isa = PBXFileReference; lastKnownFileType = file; path = "Roboto-Thin.ttf"; sourceTree = "<group>"; };
		71E120E12B9DD10800E60FB1 /* Roboto-Black.ttf */ = {isa = PBXFileReference; lastKnownFileType = file; path = "Roboto-Black.ttf"; sourceTree = "<group>"; };
		71E120EE2B9DD17C00E60FB1 /* Info.plist */ = {isa = PBXFileReference; lastKnownFileType = text.plist; path = Info.plist; sourceTree = "<group>"; };
		71E120F02B9DE00100E60FB1 /* SignUpView.swift */ = {isa = PBXFileReference; lastKnownFileType = sourcecode.swift; path = SignUpView.swift; sourceTree = "<group>"; };
/* End PBXFileReference section */

/* Begin PBXFrameworksBuildPhase section */
		71E120C12B9DCF3600E60FB1 /* Frameworks */ = {
			isa = PBXFrameworksBuildPhase;
			buildActionMask = 2147483647;
			files = (
				710189CD2BA9B4B300CBB542 /* PostgREST in Frameworks */,
				710189CB2BA9B4B300CBB542 /* Functions in Frameworks */,
				710189D42BA9B4BF00CBB542 /* Supabase in Frameworks */,
				710189C92BA9B4B300CBB542 /* Auth in Frameworks */,
				710189D12BA9B4B300CBB542 /* Storage in Frameworks */,
				710189CF2BA9B4B300CBB542 /* Realtime in Frameworks */,
			);
			runOnlyForDeploymentPostprocessing = 0;
		};
/* End PBXFrameworksBuildPhase section */

/* Begin PBXGroup section */
		710189AB2BA1ACE700CBB542 /* Model */ = {
			isa = PBXGroup;
			children = (
				710189BB2BA58C5900CBB542 /* isValidEmail.swift */,
			);
			path = Model;
			sourceTree = "<group>";
		};
		710189AC2BA1B02E00CBB542 /* components */ = {
			isa = PBXGroup;
			children = (
				710189AD2BA1B04400CBB542 /* buttonIn.swift */,
				710189AF2BA1BC0500CBB542 /* bottomTextSigIn.swift */,
				710189B72BA357A400CBB542 /* titleBar.swift */,
				710189B92BA358C400CBB542 /* textFieldBar.swift */,
				710189C12BA9798F00CBB542 /* OTPTextField.swift */,
				710189DF2BAB171A00CBB542 /* topBarWithText.swift */,
				710189E12BAB1CE000CBB542 /* itemsProfileView.swift */,
			);
			path = components;
			sourceTree = "<group>";
		};
		710189D22BA9B4BF00CBB542 /* Frameworks */ = {
			isa = PBXGroup;
			children = (
			);
			name = Frameworks;
			sourceTree = "<group>";
		};
		710189D52BA9B4D000CBB542 /* ViewModel */ = {
			isa = PBXGroup;
			children = (
				710189D62BA9B4E100CBB542 /* ViewModelUser.swift */,
				710189E32BAB1E6F00CBB542 /* ProfileViewModel.swift */,
			);
			path = ViewModel;
			sourceTree = "<group>";
		};
		710189DE2BAB09B400CBB542 /* TabView */ = {
			isa = PBXGroup;
			children = (
				710189DA2BAB06C300CBB542 /* TrackView.swift */,
				710189D82BAB064900CBB542 /* WalletView.swift */,
				710189DC2BAB071000CBB542 /* ProfileView.swift */,
			);
			name = TabView;
			sourceTree = "<group>";
		};
		71E120BB2B9DCF3600E60FB1 = {
			isa = PBXGroup;
			children = (
				71E120C62B9DCF3600E60FB1 /* RediExpress */,
				71E120C52B9DCF3600E60FB1 /* Products */,
				710189D22BA9B4BF00CBB542 /* Frameworks */,
			);
			sourceTree = "<group>";
		};
		71E120C52B9DCF3600E60FB1 /* Products */ = {
			isa = PBXGroup;
			children = (
				71E120C42B9DCF3600E60FB1 /* RediExpress.app */,
			);
			name = Products;
			sourceTree = "<group>";
		};
		71E120C62B9DCF3600E60FB1 /* RediExpress */ = {
			isa = PBXGroup;
			children = (
				710189D52BA9B4D000CBB542 /* ViewModel */,
				710189AC2BA1B02E00CBB542 /* components */,
				710189AB2BA1ACE700CBB542 /* Model */,
				71E120EF2B9DDFED00E60FB1 /* View */,
				71E120EE2B9DD17C00E60FB1 /* Info.plist */,
				71E120D52B9DD10800E60FB1 /* Roboto */,
				71E120C72B9DCF3600E60FB1 /* RediExpressApp.swift */,
				71E120CB2B9DCF3900E60FB1 /* Assets.xcassets */,
				71E120CD2B9DCF3900E60FB1 /* Preview Content */,
			);
			path = RediExpress;
			sourceTree = "<group>";
		};
		71E120CD2B9DCF3900E60FB1 /* Preview Content */ = {
			isa = PBXGroup;
			children = (
				71E120CE2B9DCF3900E60FB1 /* Preview Assets.xcassets */,
			);
			path = "Preview Content";
			sourceTree = "<group>";
		};
		71E120D52B9DD10800E60FB1 /* Roboto */ = {
			isa = PBXGroup;
			children = (
				71E120D62B9DD10800E60FB1 /* Roboto-Medium.ttf */,
				71E120D72B9DD10800E60FB1 /* Roboto-Light.ttf */,
				71E120D82B9DD10800E60FB1 /* Roboto-Regular.ttf */,
				71E120D92B9DD10800E60FB1 /* Roboto-MediumItalic.ttf */,
				71E120DA2B9DD10800E60FB1 /* Roboto-ThinItalic.ttf */,
				71E120DB2B9DD10800E60FB1 /* Roboto-BoldItalic.ttf */,
				71E120DC2B9DD10800E60FB1 /* Roboto-LightItalic.ttf */,
				71E120DD2B9DD10800E60FB1 /* Roboto-Italic.ttf */,
				71E120DE2B9DD10800E60FB1 /* Roboto-BlackItalic.ttf */,
				71E120DF2B9DD10800E60FB1 /* Roboto-Bold.ttf */,
				71E120E02B9DD10800E60FB1 /* Roboto-Thin.ttf */,
				71E120E12B9DD10800E60FB1 /* Roboto-Black.ttf */,
			);
			path = Roboto;
			sourceTree = "<group>";
		};
		71E120EF2B9DDFED00E60FB1 /* View */ = {
			isa = PBXGroup;
			children = (
				710189E52BAB270D00CBB542 /* SplachScreenView.swift */,
				71E120C92B9DCF3600E60FB1 /* OnboardingView.swift */,
				71E120F02B9DE00100E60FB1 /* SignUpView.swift */,
				710189B12BA3509C00CBB542 /* LogInView.swift */,
				710189B52BA3577000CBB542 /* ForgotPasswordView.swift */,
				710189BF2BA9743E00CBB542 /* OTPView.swift */,
				710189C32BA9900300CBB542 /* SetNewPassVIew.swift */,
				710189BD2BA60A6F00CBB542 /* CustomTabView.swift */,
				710189DE2BAB09B400CBB542 /* TabView */,
			);
			path = View;
			sourceTree = "<group>";
		};
/* End PBXGroup section */

/* Begin PBXNativeTarget section */
		71E120C32B9DCF3600E60FB1 /* RediExpress */ = {
			isa = PBXNativeTarget;
			buildConfigurationList = 71E120D22B9DCF3900E60FB1 /* Build configuration list for PBXNativeTarget "RediExpress" */;
			buildPhases = (
				71E120C02B9DCF3600E60FB1 /* Sources */,
				71E120C12B9DCF3600E60FB1 /* Frameworks */,
				71E120C22B9DCF3600E60FB1 /* Resources */,
			);
			buildRules = (
			);
			dependencies = (
			);
			name = RediExpress;
			packageProductDependencies = (
				710189C82BA9B4B300CBB542 /* Auth */,
				710189CA2BA9B4B300CBB542 /* Functions */,
				710189CC2BA9B4B300CBB542 /* PostgREST */,
				710189CE2BA9B4B300CBB542 /* Realtime */,
				710189D02BA9B4B300CBB542 /* Storage */,
				710189D32BA9B4BF00CBB542 /* Supabase */,
			);
			productName = RediExpress;
			productReference = 71E120C42B9DCF3600E60FB1 /* RediExpress.app */;
			productType = "com.apple.product-type.application";
		};
/* End PBXNativeTarget section */

/* Begin PBXProject section */
		71E120BC2B9DCF3600E60FB1 /* Project object */ = {
			isa = PBXProject;
			attributes = {
				BuildIndependentTargetsInParallel = 1;
				LastSwiftUpdateCheck = 1500;
				LastUpgradeCheck = 1500;
				TargetAttributes = {
					71E120C32B9DCF3600E60FB1 = {
						CreatedOnToolsVersion = 15.0;
					};
				};
			};
			buildConfigurationList = 71E120BF2B9DCF3600E60FB1 /* Build configuration list for PBXProject "RediExpress" */;
			compatibilityVersion = "Xcode 14.0";
			developmentRegion = en;
			hasScannedForEncodings = 0;
			knownRegions = (
				en,
				Base,
			);
			mainGroup = 71E120BB2B9DCF3600E60FB1;
			packageReferences = (
				710189C72BA9B4B300CBB542 /* XCRemoteSwiftPackageReference "supabase-swift" */,
			);
			productRefGroup = 71E120C52B9DCF3600E60FB1 /* Products */;
			projectDirPath = "";
			projectRoot = "";
			targets = (
				71E120C32B9DCF3600E60FB1 /* RediExpress */,
			);
		};
/* End PBXProject section */

/* Begin PBXResourcesBuildPhase section */
		71E120C22B9DCF3600E60FB1 /* Resources */ = {
			isa = PBXResourcesBuildPhase;
			buildActionMask = 2147483647;
			files = (
				71E120CF2B9DCF3900E60FB1 /* Preview Assets.xcassets in Resources */,
				71E120CC2B9DCF3900E60FB1 /* Assets.xcassets in Resources */,
				71E120EB2B9DD10800E60FB1 /* Roboto-Bold.ttf in Resources */,
				71E120E72B9DD10800E60FB1 /* Roboto-BoldItalic.ttf in Resources */,
				71E120E42B9DD10800E60FB1 /* Roboto-Regular.ttf in Resources */,
				71E120E62B9DD10800E60FB1 /* Roboto-ThinItalic.ttf in Resources */,
				71E120E82B9DD10800E60FB1 /* Roboto-LightItalic.ttf in Resources */,
				71E120EA2B9DD10800E60FB1 /* Roboto-BlackItalic.ttf in Resources */,
				71E120E32B9DD10800E60FB1 /* Roboto-Light.ttf in Resources */,
				71E120E92B9DD10800E60FB1 /* Roboto-Italic.ttf in Resources */,
				71E120E52B9DD10800E60FB1 /* Roboto-MediumItalic.ttf in Resources */,
				71E120ED2B9DD10800E60FB1 /* Roboto-Black.ttf in Resources */,
				71E120EC2B9DD10800E60FB1 /* Roboto-Thin.ttf in Resources */,
				71E120E22B9DD10800E60FB1 /* Roboto-Medium.ttf in Resources */,
			);
			runOnlyForDeploymentPostprocessing = 0;
		};
/* End PBXResourcesBuildPhase section */

/* Begin PBXSourcesBuildPhase section */
		71E120C02B9DCF3600E60FB1 /* Sources */ = {
			isa = PBXSourcesBuildPhase;
			buildActionMask = 2147483647;
			files = (
				710189C22BA9798F00CBB542 /* OTPTextField.swift in Sources */,
				710189E62BAB270E00CBB542 /* SplachScreenView.swift in Sources */,
				710189B82BA357A400CBB542 /* titleBar.swift in Sources */,
				710189B02BA1BC0500CBB542 /* bottomTextSigIn.swift in Sources */,
				710189C42BA9900300CBB542 /* SetNewPassVIew.swift in Sources */,
				710189C02BA9743E00CBB542 /* OTPView.swift in Sources */,
				710189BC2BA58C5900CBB542 /* isValidEmail.swift in Sources */,
				710189E42BAB1E6F00CBB542 /* ProfileViewModel.swift in Sources */,
				710189D72BA9B4E100CBB542 /* ViewModelUser.swift in Sources */,
				710189E02BAB171A00CBB542 /* topBarWithText.swift in Sources */,
				710189DB2BAB06C300CBB542 /* TrackView.swift in Sources */,
				710189B62BA3577000CBB542 /* ForgotPasswordView.swift in Sources */,
				710189B22BA3509C00CBB542 /* LogInView.swift in Sources */,
				710189E22BAB1CE000CBB542 /* itemsProfileView.swift in Sources */,
				710189DD2BAB071100CBB542 /* ProfileView.swift in Sources */,
				710189BE2BA60A6F00CBB542 /* CustomTabView.swift in Sources */,
				71E120F12B9DE00100E60FB1 /* SignUpView.swift in Sources */,
				71E120CA2B9DCF3600E60FB1 /* OnboardingView.swift in Sources */,
				71E120C82B9DCF3600E60FB1 /* RediExpressApp.swift in Sources */,
				710189BA2BA358C400CBB542 /* textFieldBar.swift in Sources */,
				710189AE2BA1B04400CBB542 /* buttonIn.swift in Sources */,
				710189D92BAB064900CBB542 /* WalletView.swift in Sources */,
			);
			runOnlyForDeploymentPostprocessing = 0;
		};
/* End PBXSourcesBuildPhase section */

/* Begin XCBuildConfiguration section */
		71E120D02B9DCF3900E60FB1 /* Debug */ = {
			isa = XCBuildConfiguration;
			buildSettings = {
				ALWAYS_SEARCH_USER_PATHS = NO;
				ASSETCATALOG_COMPILER_GENERATE_SWIFT_ASSET_SYMBOL_EXTENSIONS = YES;
				CLANG_ANALYZER_NONNULL = YES;
				CLANG_ANALYZER_NUMBER_OBJECT_CONVERSION = YES_AGGRESSIVE;
				CLANG_CXX_LANGUAGE_STANDARD = "gnu++20";
				CLANG_ENABLE_MODULES = YES;
				CLANG_ENABLE_OBJC_ARC = YES;
				CLANG_ENABLE_OBJC_WEAK = YES;
				CLANG_WARN_BLOCK_CAPTURE_AUTORELEASING = YES;
				CLANG_WARN_BOOL_CONVERSION = YES;
				CLANG_WARN_COMMA = YES;
				CLANG_WARN_CONSTANT_CONVERSION = YES;
				CLANG_WARN_DEPRECATED_OBJC_IMPLEMENTATIONS = YES;
				CLANG_WARN_DIRECT_OBJC_ISA_USAGE = YES_ERROR;
				CLANG_WARN_DOCUMENTATION_COMMENTS = YES;
				CLANG_WARN_EMPTY_BODY = YES;
				CLANG_WARN_ENUM_CONVERSION = YES;
				CLANG_WARN_INFINITE_RECURSION = YES;
				CLANG_WARN_INT_CONVERSION = YES;
				CLANG_WARN_NON_LITERAL_NULL_CONVERSION = YES;
				CLANG_WARN_OBJC_IMPLICIT_RETAIN_SELF = YES;
				CLANG_WARN_OBJC_LITERAL_CONVERSION = YES;
				CLANG_WARN_OBJC_ROOT_CLASS = YES_ERROR;
				CLANG_WARN_QUOTED_INCLUDE_IN_FRAMEWORK_HEADER = YES;
				CLANG_WARN_RANGE_LOOP_ANALYSIS = YES;
				CLANG_WARN_STRICT_PROTOTYPES = YES;
				CLANG_WARN_SUSPICIOUS_MOVE = YES;
				CLANG_WARN_UNGUARDED_AVAILABILITY = YES_AGGRESSIVE;
				CLANG_WARN_UNREACHABLE_CODE = YES;
				CLANG_WARN__DUPLICATE_METHOD_MATCH = YES;
				COPY_PHASE_STRIP = NO;
				DEBUG_INFORMATION_FORMAT = dwarf;
				ENABLE_STRICT_OBJC_MSGSEND = YES;
				ENABLE_TESTABILITY = YES;
				ENABLE_USER_SCRIPT_SANDBOXING = YES;
				GCC_C_LANGUAGE_STANDARD = gnu17;
				GCC_DYNAMIC_NO_PIC = NO;
				GCC_NO_COMMON_BLOCKS = YES;
				GCC_OPTIMIZATION_LEVEL = 0;
				GCC_PREPROCESSOR_DEFINITIONS = (
					"DEBUG=1",
					"$(inherited)",
				);
				GCC_WARN_64_TO_32_BIT_CONVERSION = YES;
				GCC_WARN_ABOUT_RETURN_TYPE = YES_ERROR;
				GCC_WARN_UNDECLARED_SELECTOR = YES;
				GCC_WARN_UNINITIALIZED_AUTOS = YES_AGGRESSIVE;
				GCC_WARN_UNUSED_FUNCTION = YES;
				GCC_WARN_UNUSED_VARIABLE = YES;
				IPHONEOS_DEPLOYMENT_TARGET = 17.0;
				LOCALIZATION_PREFERS_STRING_CATALOGS = YES;
				MTL_ENABLE_DEBUG_INFO = INCLUDE_SOURCE;
				MTL_FAST_MATH = YES;
				ONLY_ACTIVE_ARCH = YES;
				SDKROOT = iphoneos;
				SWIFT_ACTIVE_COMPILATION_CONDITIONS = "DEBUG $(inherited)";
				SWIFT_OPTIMIZATION_LEVEL = "-Onone";
			};
			name = Debug;
		};
		71E120D12B9DCF3900E60FB1 /* Release */ = {
			isa = XCBuildConfiguration;
			buildSettings = {
				ALWAYS_SEARCH_USER_PATHS = NO;
				ASSETCATALOG_COMPILER_GENERATE_SWIFT_ASSET_SYMBOL_EXTENSIONS = YES;
				CLANG_ANALYZER_NONNULL = YES;
				CLANG_ANALYZER_NUMBER_OBJECT_CONVERSION = YES_AGGRESSIVE;
				CLANG_CXX_LANGUAGE_STANDARD = "gnu++20";
				CLANG_ENABLE_MODULES = YES;
				CLANG_ENABLE_OBJC_ARC = YES;
				CLANG_ENABLE_OBJC_WEAK = YES;
				CLANG_WARN_BLOCK_CAPTURE_AUTORELEASING = YES;
				CLANG_WARN_BOOL_CONVERSION = YES;
				CLANG_WARN_COMMA = YES;
				CLANG_WARN_CONSTANT_CONVERSION = YES;
				CLANG_WARN_DEPRECATED_OBJC_IMPLEMENTATIONS = YES;
				CLANG_WARN_DIRECT_OBJC_ISA_USAGE = YES_ERROR;
				CLANG_WARN_DOCUMENTATION_COMMENTS = YES;
				CLANG_WARN_EMPTY_BODY = YES;
				CLANG_WARN_ENUM_CONVERSION = YES;
				CLANG_WARN_INFINITE_RECURSION = YES;
				CLANG_WARN_INT_CONVERSION = YES;
				CLANG_WARN_NON_LITERAL_NULL_CONVERSION = YES;
				CLANG_WARN_OBJC_IMPLICIT_RETAIN_SELF = YES;
				CLANG_WARN_OBJC_LITERAL_CONVERSION = YES;
				CLANG_WARN_OBJC_ROOT_CLASS = YES_ERROR;
				CLANG_WARN_QUOTED_INCLUDE_IN_FRAMEWORK_HEADER = YES;
				CLANG_WARN_RANGE_LOOP_ANALYSIS = YES;
				CLANG_WARN_STRICT_PROTOTYPES = YES;
				CLANG_WARN_SUSPICIOUS_MOVE = YES;
				CLANG_WARN_UNGUARDED_AVAILABILITY = YES_AGGRESSIVE;
				CLANG_WARN_UNREACHABLE_CODE = YES;
				CLANG_WARN__DUPLICATE_METHOD_MATCH = YES;
				COPY_PHASE_STRIP = NO;
				DEBUG_INFORMATION_FORMAT = "dwarf-with-dsym";
				ENABLE_NS_ASSERTIONS = NO;
				ENABLE_STRICT_OBJC_MSGSEND = YES;
				ENABLE_USER_SCRIPT_SANDBOXING = YES;
				GCC_C_LANGUAGE_STANDARD = gnu17;
				GCC_NO_COMMON_BLOCKS = YES;
				GCC_WARN_64_TO_32_BIT_CONVERSION = YES;
				GCC_WARN_ABOUT_RETURN_TYPE = YES_ERROR;
				GCC_WARN_UNDECLARED_SELECTOR = YES;
				GCC_WARN_UNINITIALIZED_AUTOS = YES_AGGRESSIVE;
				GCC_WARN_UNUSED_FUNCTION = YES;
				GCC_WARN_UNUSED_VARIABLE = YES;
				IPHONEOS_DEPLOYMENT_TARGET = 17.0;
				LOCALIZATION_PREFERS_STRING_CATALOGS = YES;
				MTL_ENABLE_DEBUG_INFO = NO;
				MTL_FAST_MATH = YES;
				SDKROOT = iphoneos;
				SWIFT_COMPILATION_MODE = wholemodule;
				VALIDATE_PRODUCT = YES;
			};
			name = Release;
		};
		71E120D32B9DCF3900E60FB1 /* Debug */ = {
			isa = XCBuildConfiguration;
			buildSettings = {
				ASSETCATALOG_COMPILER_APPICON_NAME = AppIcon;
				ASSETCATALOG_COMPILER_GLOBAL_ACCENT_COLOR_NAME = AccentColor;
				CODE_SIGN_STYLE = Automatic;
				CURRENT_PROJECT_VERSION = 1;
				DEVELOPMENT_ASSET_PATHS = "\"RediExpress/Preview Content\"";
				DEVELOPMENT_TEAM = 5RFXK7CBJ3;
				ENABLE_PREVIEWS = YES;
				GENERATE_INFOPLIST_FILE = YES;
				INFOPLIST_FILE = RediExpress/Info.plist;
				INFOPLIST_KEY_UIApplicationSceneManifest_Generation = YES;
				INFOPLIST_KEY_UIApplicationSupportsIndirectInputEvents = YES;
				INFOPLIST_KEY_UILaunchScreen_Generation = YES;
				INFOPLIST_KEY_UISupportedInterfaceOrientations_iPad = "UIInterfaceOrientationPortrait UIInterfaceOrientationPortraitUpsideDown UIInterfaceOrientationLandscapeLeft UIInterfaceOrientationLandscapeRight";
				INFOPLIST_KEY_UISupportedInterfaceOrientations_iPhone = "UIInterfaceOrientationPortrait UIInterfaceOrientationLandscapeLeft UIInterfaceOrientationLandscapeRight";
				LD_RUNPATH_SEARCH_PATHS = (
					"$(inherited)",
					"@executable_path/Frameworks",
				);
				MARKETING_VERSION = 1.0;
				PRODUCT_BUNDLE_IDENTIFIER = "YoungSkateBastard-s.RediExpress";
				PRODUCT_NAME = "$(TARGET_NAME)";
				SWIFT_EMIT_LOC_STRINGS = YES;
				SWIFT_VERSION = 5.0;
				TARGETED_DEVICE_FAMILY = "1,2";
			};
			name = Debug;
		};
		71E120D42B9DCF3900E60FB1 /* Release */ = {
			isa = XCBuildConfiguration;
			buildSettings = {
				ASSETCATALOG_COMPILER_APPICON_NAME = AppIcon;
				ASSETCATALOG_COMPILER_GLOBAL_ACCENT_COLOR_NAME = AccentColor;
				CODE_SIGN_STYLE = Automatic;
				CURRENT_PROJECT_VERSION = 1;
				DEVELOPMENT_ASSET_PATHS = "\"RediExpress/Preview Content\"";
				DEVELOPMENT_TEAM = 5RFXK7CBJ3;
				ENABLE_PREVIEWS = YES;
				GENERATE_INFOPLIST_FILE = YES;
				INFOPLIST_FILE = RediExpress/Info.plist;
				INFOPLIST_KEY_UIApplicationSceneManifest_Generation = YES;
				INFOPLIST_KEY_UIApplicationSupportsIndirectInputEvents = YES;
				INFOPLIST_KEY_UILaunchScreen_Generation = YES;
				INFOPLIST_KEY_UISupportedInterfaceOrientations_iPad = "UIInterfaceOrientationPortrait UIInterfaceOrientationPortraitUpsideDown UIInterfaceOrientationLandscapeLeft UIInterfaceOrientationLandscapeRight";
				INFOPLIST_KEY_UISupportedInterfaceOrientations_iPhone = "UIInterfaceOrientationPortrait UIInterfaceOrientationLandscapeLeft UIInterfaceOrientationLandscapeRight";
				LD_RUNPATH_SEARCH_PATHS = (
					"$(inherited)",
					"@executable_path/Frameworks",
				);
				MARKETING_VERSION = 1.0;
				PRODUCT_BUNDLE_IDENTIFIER = "YoungSkateBastard-s.RediExpress";
				PRODUCT_NAME = "$(TARGET_NAME)";
				SWIFT_EMIT_LOC_STRINGS = YES;
				SWIFT_VERSION = 5.0;
				TARGETED_DEVICE_FAMILY = "1,2";
			};
			name = Release;
		};
/* End XCBuildConfiguration section */

/* Begin XCConfigurationList section */
		71E120BF2B9DCF3600E60FB1 /* Build configuration list for PBXProject "RediExpress" */ = {
			isa = XCConfigurationList;
			buildConfigurations = (
				71E120D02B9DCF3900E60FB1 /* Debug */,
				71E120D12B9DCF3900E60FB1 /* Release */,
			);
			defaultConfigurationIsVisible = 0;
			defaultConfigurationName = Release;
		};
		71E120D22B9DCF3900E60FB1 /* Build configuration list for PBXNativeTarget "RediExpress" */ = {
			isa = XCConfigurationList;
			buildConfigurations = (
				71E120D32B9DCF3900E60FB1 /* Debug */,
				71E120D42B9DCF3900E60FB1 /* Release */,
			);
			defaultConfigurationIsVisible = 0;
			defaultConfigurationName = Release;
		};
/* End XCConfigurationList section */

/* Begin XCRemoteSwiftPackageReference section */
		710189C72BA9B4B300CBB542 /* XCRemoteSwiftPackageReference "supabase-swift" */ = {
			isa = XCRemoteSwiftPackageReference;
			repositoryURL = "https://github.com/supabase-community/supabase-swift";
			requirement = {
				kind = upToNextMajorVersion;
				minimumVersion = 2.4.0;
			};
		};
/* End XCRemoteSwiftPackageReference section */

/* Begin XCSwiftPackageProductDependency section */
		710189C82BA9B4B300CBB542 /* Auth */ = {
			isa = XCSwiftPackageProductDependency;
			package = 710189C72BA9B4B300CBB542 /* XCRemoteSwiftPackageReference "supabase-swift" */;
			productName = Auth;
		};
		710189CA2BA9B4B300CBB542 /* Functions */ = {
			isa = XCSwiftPackageProductDependency;
			package = 710189C72BA9B4B300CBB542 /* XCRemoteSwiftPackageReference "supabase-swift" */;
			productName = Functions;
		};
		710189CC2BA9B4B300CBB542 /* PostgREST */ = {
			isa = XCSwiftPackageProductDependency;
			package = 710189C72BA9B4B300CBB542 /* XCRemoteSwiftPackageReference "supabase-swift" */;
			productName = PostgREST;
		};
		710189CE2BA9B4B300CBB542 /* Realtime */ = {
			isa = XCSwiftPackageProductDependency;
			package = 710189C72BA9B4B300CBB542 /* XCRemoteSwiftPackageReference "supabase-swift" */;
			productName = Realtime;
		};
		710189D02BA9B4B300CBB542 /* Storage */ = {
			isa = XCSwiftPackageProductDependency;
			package = 710189C72BA9B4B300CBB542 /* XCRemoteSwiftPackageReference "supabase-swift" */;
			productName = Storage;
		};
		710189D32BA9B4BF00CBB542 /* Supabase */ = {
			isa = XCSwiftPackageProductDependency;
			package = 710189C72BA9B4B300CBB542 /* XCRemoteSwiftPackageReference "supabase-swift" */;
			productName = Supabase;
		};
/* End XCSwiftPackageProductDependency section */
	};
	rootObject = 71E120BC2B9DCF3600E60FB1 /* Project object */;
}
